
Microsoft Visual Studio Solution File, Format Version 12.00
# Visual Studio Version 16
VisualStudioVersion = 16.0.30907.101
MinimumVisualStudioVersion = 10.0.40219.1
Project("{FAE04EC0-301F-11D3-BF4B-00C04F79EFBC}") = "MoneyPlotProject", "MoneyPlotProject\MoneyPlotProject.csproj", "{3330C994-3505-4771-8319-400A9FBA8777}"
EndProject
Global
	GlobalSection(SolutionConfigurationPlatforms) = preSolution
		Debug|Any CPU = Debug|Any CPU
		Release|Any CPU = Release|Any CPU
	EndGlobalSection
	GlobalSection(ProjectConfigurationPlatforms) = postSolution
		{3330C994-3505-4771-8319-400A9FBA8777}.Debug|Any CPU.ActiveCfg = Debug|Any CPU
		{3330C994-3505-4771-8319-400A9FBA8777}.Debug|Any CPU.Build.0 = Debug|Any CPU
		{3330C994-3505-4771-8319-400A9FBA8777}.Release|Any CPU.ActiveCfg = Release|Any CPU
		{3330C994-3505-4771-8319-400A9FBA8777}.Release|Any CPU.Build.0 = Release|Any CPU
	EndGlobalSection
	GlobalSection(SolutionProperties) = preSolution
		HideSolutionNode = FALSE
	EndGlobalSection
	GlobalSection(ExtensibilityGlobals) = postSolution
		SolutionGuid = {1C71B8F4-D010-40E5-BB5B-87F7C938BD97}
	EndGlobalSection
EndGlobal
